<?xml version="1.0" encoding="utf-8"?>
<Project ToolsVersion="4.0" xmlns="http://schemas.microsoft.com/developer/msbuild/2003">
  <ItemGroup>
    <Filter Include="리소스 파일">
      <UniqueIdentifier>{67DA6AB6-F800-4c08-8B7A-83BB121AAD01}</UniqueIdentifier>
      <Extensions>rc;ico;cur;bmp;dlg;rc2;rct;bin;rgs;gif;jpg;jpeg;jpe;resx;tiff;tif;png;wav;mfcribbon-ms</Extensions>
    </Filter>
  </ItemGroup>
  <ItemGroup>
    <ClCompile Include="Source\WinMain\PenguinBrothers.cpp" />
    <ClCompile Include="Source\GameObject\Player\Player.cpp" />
    <ClCompile Include="Source\Component\Player\PlayerCtrl.cpp" />
    <ClCompile Include="Source\GameObject\Player\PlayerBomb.cpp" />
    <ClCompile Include="Source\Component\Player\PlayerBombCtrl.cpp" />
    <ClCompile Include="Source\GameObject\Enemy\EnemyDino0.cpp" />
    <ClCompile Include="Source\Component\Enemy\EnemyDino0Ctrl.cpp" />
    <ClCompile Include="Source\GameObject\Enemy\EnemyDino0Attack.cpp" />
    <ClCompile Include="Source\Component\Enemy\EnemyDino0AttackCtrl.cpp" />
    <ClCompile Include="Source\Scenes\StageEditer.cpp" />
    <ClCompile Include="Source\GameObject\StageObjectListDebug.cpp" />
    <ClCompile Include="Source\Component\StageObjectListDebug_Ctrl.cpp" />
    <ClCompile Include="Source\Scenes\StageScene.cpp" />
    <ClCompile Include="Source\GameObject\Editer.cpp" />
    <ClCompile Include="Source\Component\EditerCtrl.cpp" />
    <ClCompile Include="Source\GameObject\Player\BombEffect.cpp" />
    <ClCompile Include="Source\Component\Player\BombEffectCtrl.cpp" />
  </ItemGroup>
  <ItemGroup>
    <ClInclude Include="Source\WinMain\PenguinBrothers.h" />
    <ClInclude Include="Source\GameObject\Player\Player.h" />
    <ClInclude Include="Source\Component\Player\PlayerCtrl.h" />
    <ClInclude Include="Source\GameObject\Player\PlayerBomb.h" />
    <ClInclude Include="Source\Component\Player\PlayerBombCtrl.h" />
    <ClInclude Include="Source\GameObject\Enemy\EnemyDino0.h" />
    <ClInclude Include="Source\Component\Enemy\EnemyDino0Ctrl.h" />
    <ClInclude Include="Source\GameObject\Enemy\EnemyDino0Attack.h" />
    <ClInclude Include="Source\Component\Enemy\EnemyDino0AttackCtrl.h" />
    <ClInclude Include="Source\Scenes\StageEditer.h" />
    <ClInclude Include="Source\GameObject\StageObjectListDebug.h" />
    <ClInclude Include="Source\Component\StageObjectListDebug_Ctrl.h" />
    <ClInclude Include="Source\Scenes\StageScene.h" />
    <ClInclude Include="Source\GameObject\Editer.h" />
    <ClInclude Include="Source\Component\EditerCtrl.h" />
    <ClInclude Include="Source\GameObject\Player\BombEffect.h" />
    <ClInclude Include="Source\Component\Player\BombEffectCtrl.h" />
  </ItemGroup>
</Project>