<?xml version="1.0" encoding="utf-8"?>
<Project ToolsVersion="4.0" xmlns="http://schemas.microsoft.com/developer/msbuild/2003">
  <ItemGroup>
    <ClCompile Include="Source\Core\Component\Renderer\SpriteRenderer.cpp" />
    <ClCompile Include="Source\Core\Component\Transform.cpp" />
    <ClCompile Include="Source\Core\GameObject\Base\GameObjectBase.cpp" />
    <ClCompile Include="Source\Framework\D2DRenderer.cpp" />
    <ClCompile Include="Source\Framework\InputSystem.cpp" />
    <ClCompile Include="Source\Framework\TimeSystem.cpp" />
    <ClCompile Include="Source\Framework\WinGameApp.cpp" />
    <ClCompile Include="Source\Math\Mathf.cpp" />
    <ClCompile Include="Source\Vector\Vector2.cpp" />
    <ClCompile Include="Source\Core\Component\Base\ComponentBase.cpp" />
    <ClCompile Include="Source\Framework\WorldManager.cpp" />
    <ClCompile Include="Source\Core\Scene\WorldBase.cpp" />
    <ClCompile Include="Source\Core\Component\Renderer\SpriteAnimationRenderer.cpp" />
    <ClCompile Include="Source\Framework\ReferenceCounter.cpp" />
    <ClCompile Include="Source\Core\Component\Camera.cpp" />
    <ClCompile Include="Source\Core\GameObject\MainCamera.cpp" />
    <ClCompile Include="Source\Bounds\Bounds.cpp" />
    <ClCompile Include="Source\Core\Component\Collider\SpriteCollider2D.cpp" />
    <ClCompile Include="Source\Core\Component\Renderer\TextRenderer.cpp" />
    <ClCompile Include="Source\Core\GameObject\Base\GameObjectUI.cpp" />
    <ClCompile Include="Source\Core\GameObject\Base\GameObjectCamera.cpp" />
    <ClCompile Include="Source\Core\Component\Renderer\LineRenderer.cpp" />
    <ClCompile Include="Source\Utility\WinUtility.cpp" />
    <ClCompile Include="Source\Core\Component\Movement.cpp" />
    <ClCompile Include="Source\Core\Component\FSM\FiniteStateMachine.cpp" />
    <ClCompile Include="Source\Core\Component\FSM\FSMState.cpp" />
    <ClCompile Include="Source\Utility\JsonUtility.cpp" />
    <ClCompile Include="Source\Core\Component\InputBinding.cpp" />
    <ClCompile Include="Source\Framework\ColliderManager.cpp" />
    <ClCompile Include="Source\Core\Component\Rigidbody2D.cpp" />
    <ClCompile Include="Source\Core\Component\Collider\BoxCollider2D.cpp" />
    <ClCompile Include="Source\Utility\Ray.cpp" />
  </ItemGroup>
  <ItemGroup>
    <ClInclude Include="Source\Core\Component\Renderer\SpriteRenderer.h" />
    <ClInclude Include="Source\Core\Component\Transform.h" />
    <ClInclude Include="Source\Core\GameObject\Base\GameObjectBase.h" />
    <ClInclude Include="Source\Framework\D2DRenderer.h" />
    <ClInclude Include="Source\Framework\InputSystem.h" />
    <ClInclude Include="Source\Framework\TimeSystem.h" />
    <ClInclude Include="Source\Framework\WinGameApp.h" />
    <ClInclude Include="Source\Math\Mathf.h" />
    <ClInclude Include="Source\Vector\Vector2.h" />
    <ClInclude Include="Source\Core\Component\Base\ComponentBase.h" />
    <ClInclude Include="Source\Framework\WorldManager.h" />
    <ClInclude Include="Source\Core\Scene\WorldBase.h" />
    <ClInclude Include="Source\Core\Component\Renderer\SpriteAnimationRenderer.h" />
    <ClInclude Include="Source\Framework\ReferenceCounter.h" />
    <ClInclude Include="Source\Core\Component\Camera.h" />
    <ClInclude Include="Source\Core\GameObject\MainCamera.h" />
    <ClInclude Include="Source\Bounds\Bounds.h" />
    <ClInclude Include="Source\Core\Component\Collider\SpriteCollider2D.h" />
    <ClInclude Include="Source\Core\Component\Renderer\TextRenderer.h" />
    <ClInclude Include="Source\Core\GameObject\Base\GameObjectUI.h" />
    <ClInclude Include="Source\Core\GameObject\Base\GameObjectCamera.h" />
    <ClInclude Include="Source\Core\Component\Renderer\LineRenderer.h" />
    <ClInclude Include="Source\Utility\WinUtility.h" />
    <ClInclude Include="Source\Core\Component\Movement.h" />
    <ClInclude Include="Source\Core\Component\FSM\FiniteStateMachine.h" />
    <ClInclude Include="Source\Core\Component\FSM\FSMState.h" />
    <ClInclude Include="Source\Utility\JsonUtility.h" />
    <ClInclude Include="ThirdParty\single_include\nlohmann\json.hpp" />
    <ClInclude Include="ThirdParty\single_include\nlohmann\json_fwd.hpp" />
    <ClInclude Include="Source\Core\Component\InputBinding.h" />
    <ClInclude Include="Source\Core\Component\Collider\Base\ColliderBase.h" />
    <ClInclude Include="Source\Framework\ColliderManager.h" />
    <ClInclude Include="Source\Core\Component\Collider\Interface\ICollider2DNotify.h" />
    <ClInclude Include="Source\Core\Component\Rigidbody2D.h" />
    <ClInclude Include="Source\Core\Component\Collider\BoxCollider2D.h" />
    <ClInclude Include="Source\Utility\Ray.h" />
  </ItemGroup>
</Project>