<?xml version="1.0" encoding="utf-8"?>
<Project ToolsVersion="4.0" xmlns="http://schemas.microsoft.com/developer/msbuild/2003">
  <ItemGroup>
    <ClCompile Include="Sourece\Core\Component\SpriteRenderer.cpp" />
    <ClCompile Include="Sourece\Core\Component\Transform.cpp" />
    <ClCompile Include="Sourece\Core\GameObject\GameObjectBase.cpp" />
    <ClCompile Include="Sourece\Framework\D2DRenderer.cpp" />
    <ClCompile Include="Sourece\Framework\InputSystem.cpp" />
    <ClCompile Include="Sourece\Framework\TimeSystem.cpp" />
    <ClCompile Include="Sourece\Framework\WinGameApp.cpp" />
    <ClCompile Include="Sourece\Math\Mathf.cpp" />
    <ClCompile Include="Sourece\Vector\Vector2.cpp" />
    <ClCompile Include="Sourece\Core\Component\Base\ComponentBase.cpp" />
    <ClCompile Include="Sourece\Framework\SceneManager.cpp" />
    <ClCompile Include="Sourece\Core\Scene\SceneBase.cpp" />
    <ClCompile Include="Sourece\Core\Component\SpriteAnimation.cpp" />
    <ClCompile Include="Sourece\Framework\ReferenceCounter.cpp" />
  </ItemGroup>
  <ItemGroup>
    <ClInclude Include="Sourece\Core\Component\SpriteRenderer.h" />
    <ClInclude Include="Sourece\Core\Component\Transform.h" />
    <ClInclude Include="Sourece\Core\GameObject\GameObjectBase.h" />
    <ClInclude Include="Sourece\Framework\D2DRenderer.h" />
    <ClInclude Include="Sourece\Framework\InputSystem.h" />
    <ClInclude Include="Sourece\Framework\TimeSystem.h" />
    <ClInclude Include="Sourece\Framework\WinGameApp.h" />
    <ClInclude Include="Sourece\Math\Mathf.h" />
    <ClInclude Include="Sourece\Vector\Vector2.h" />
    <ClInclude Include="Sourece\Core\Component\Base\ComponentBase.h" />
    <ClInclude Include="Sourece\Framework\SceneManager.h" />
    <ClInclude Include="Sourece\Core\Scene\SceneBase.h" />
    <ClInclude Include="Sourece\Core\Component\SpriteAnimation.h" />
    <ClInclude Include="Sourece\Framework\ReferenceCounter.h" />
  </ItemGroup>
  <ItemGroup>
    <None Include="ClassDiagram.cd" />
  </ItemGroup>
</Project>